
Microsoft Visual Studio Solution File, Format Version 12.00
# Visual Studio Version 17
VisualStudioVersion = 17.14.36518.9
MinimumVisualStudioVersion = 10.0.40219.1
Project("{FAE04EC0-301F-11D3-BF4B-00C04F79EFBC}") = "WPF", "WPF\WPF.csproj", "{D8479F89-F7DB-43CB-B628-8A59B68E78A1}"
EndProject
Project("{FAE04EC0-301F-11D3-BF4B-00C04F79EFBC}") = "Grid", "Grid\Grid.csproj", "{6577A0D4-F49D-4FAC-89A6-CA5F92160D58}"
EndProject
Project("{FAE04EC0-301F-11D3-BF4B-00C04F79EFBC}") = "Grid_properties", "Grid_properties\Grid_properties.csproj", "{68570D6B-D826-4AD9-95CC-F40E691E85D4}"
EndProject
Project("{FAE04EC0-301F-11D3-BF4B-00C04F79EFBC}") = "MenuBar", "MenuBar\MenuBar.csproj", "{95D97D2D-83B2-4053-BECA-63FC4865A654}"
EndProject
Project("{FAE04EC0-301F-11D3-BF4B-00C04F79EFBC}") = "CustomTextBoxControl", "CustomTextBoxControl\CustomTextBoxControl.csproj", "{1BD6F340-50E1-4D10-A278-40188C7E1D08}"
EndProject
Project("{FAE04EC0-301F-11D3-BF4B-00C04F79EFBC}") = "Binding", "Binding\Binding.csproj", "{DC4138A9-9390-41F1-93A2-FB06A2145849}"
EndProject
Project("{FAE04EC0-301F-11D3-BF4B-00C04F79EFBC}") = "Dialogs", "Dialogs\Dialogs.csproj", "{AD5777FF-ED3D-4AD4-8312-F37246D0C4F1}"
EndProject
Project("{FAE04EC0-301F-11D3-BF4B-00C04F79EFBC}") = "IPaddress", "IPaddress\IPaddress.csproj", "{45EDEB47-E61A-4D88-82FF-1FC01BF17481}"
EndProject
Project("{FAE04EC0-301F-11D3-BF4B-00C04F79EFBC}") = "ListBox", "ListBox\ListBox.csproj", "{F508C4F6-E9ED-47CC-9BB1-6B7FD1813D54}"
EndProject
Project("{FAE04EC0-301F-11D3-BF4B-00C04F79EFBC}") = "Text_editor", "Text_editor\Text_editor.csproj", "{F9EF138D-B6BC-4DCE-A7D2-D1C39DC165BC}"
EndProject
Project("{FAE04EC0-301F-11D3-BF4B-00C04F79EFBC}") = "OsiModelApp", "OsiModelApp\OsiModelApp.csproj", "{E33D07DD-68D3-4D80-AFB8-9BEE3A7AE6E4}"
EndProject
Global
	GlobalSection(SolutionConfigurationPlatforms) = preSolution
		Debug|Any CPU = Debug|Any CPU
		Release|Any CPU = Release|Any CPU
	EndGlobalSection
	GlobalSection(ProjectConfigurationPlatforms) = postSolution
		{D8479F89-F7DB-43CB-B628-8A59B68E78A1}.Debug|Any CPU.ActiveCfg = Debug|Any CPU
		{D8479F89-F7DB-43CB-B628-8A59B68E78A1}.Debug|Any CPU.Build.0 = Debug|Any CPU
		{D8479F89-F7DB-43CB-B628-8A59B68E78A1}.Release|Any CPU.ActiveCfg = Release|Any CPU
		{D8479F89-F7DB-43CB-B628-8A59B68E78A1}.Release|Any CPU.Build.0 = Release|Any CPU
		{6577A0D4-F49D-4FAC-89A6-CA5F92160D58}.Debug|Any CPU.ActiveCfg = Debug|Any CPU
		{6577A0D4-F49D-4FAC-89A6-CA5F92160D58}.Debug|Any CPU.Build.0 = Debug|Any CPU
		{6577A0D4-F49D-4FAC-89A6-CA5F92160D58}.Release|Any CPU.ActiveCfg = Release|Any CPU
		{6577A0D4-F49D-4FAC-89A6-CA5F92160D58}.Release|Any CPU.Build.0 = Release|Any CPU
		{68570D6B-D826-4AD9-95CC-F40E691E85D4}.Debug|Any CPU.ActiveCfg = Debug|Any CPU
		{68570D6B-D826-4AD9-95CC-F40E691E85D4}.Debug|Any CPU.Build.0 = Debug|Any CPU
		{68570D6B-D826-4AD9-95CC-F40E691E85D4}.Release|Any CPU.ActiveCfg = Release|Any CPU
		{68570D6B-D826-4AD9-95CC-F40E691E85D4}.Release|Any CPU.Build.0 = Release|Any CPU
		{95D97D2D-83B2-4053-BECA-63FC4865A654}.Debug|Any CPU.ActiveCfg = Debug|Any CPU
		{95D97D2D-83B2-4053-BECA-63FC4865A654}.Debug|Any CPU.Build.0 = Debug|Any CPU
		{95D97D2D-83B2-4053-BECA-63FC4865A654}.Release|Any CPU.ActiveCfg = Release|Any CPU
		{95D97D2D-83B2-4053-BECA-63FC4865A654}.Release|Any CPU.Build.0 = Release|Any CPU
		{1BD6F340-50E1-4D10-A278-40188C7E1D08}.Debug|Any CPU.ActiveCfg = Debug|Any CPU
		{1BD6F340-50E1-4D10-A278-40188C7E1D08}.Debug|Any CPU.Build.0 = Debug|Any CPU
		{1BD6F340-50E1-4D10-A278-40188C7E1D08}.Release|Any CPU.ActiveCfg = Release|Any CPU
		{1BD6F340-50E1-4D10-A278-40188C7E1D08}.Release|Any CPU.Build.0 = Release|Any CPU
		{DC4138A9-9390-41F1-93A2-FB06A2145849}.Debug|Any CPU.ActiveCfg = Debug|Any CPU
		{DC4138A9-9390-41F1-93A2-FB06A2145849}.Debug|Any CPU.Build.0 = Debug|Any CPU
		{DC4138A9-9390-41F1-93A2-FB06A2145849}.Release|Any CPU.ActiveCfg = Release|Any CPU
		{DC4138A9-9390-41F1-93A2-FB06A2145849}.Release|Any CPU.Build.0 = Release|Any CPU
		{AD5777FF-ED3D-4AD4-8312-F37246D0C4F1}.Debug|Any CPU.ActiveCfg = Debug|Any CPU
		{AD5777FF-ED3D-4AD4-8312-F37246D0C4F1}.Debug|Any CPU.Build.0 = Debug|Any CPU
		{AD5777FF-ED3D-4AD4-8312-F37246D0C4F1}.Release|Any CPU.ActiveCfg = Release|Any CPU
		{AD5777FF-ED3D-4AD4-8312-F37246D0C4F1}.Release|Any CPU.Build.0 = Release|Any CPU
		{45EDEB47-E61A-4D88-82FF-1FC01BF17481}.Debug|Any CPU.ActiveCfg = Debug|Any CPU
		{45EDEB47-E61A-4D88-82FF-1FC01BF17481}.Debug|Any CPU.Build.0 = Debug|Any CPU
		{45EDEB47-E61A-4D88-82FF-1FC01BF17481}.Release|Any CPU.ActiveCfg = Release|Any CPU
		{45EDEB47-E61A-4D88-82FF-1FC01BF17481}.Release|Any CPU.Build.0 = Release|Any CPU
		{F508C4F6-E9ED-47CC-9BB1-6B7FD1813D54}.Debug|Any CPU.ActiveCfg = Debug|Any CPU
		{F508C4F6-E9ED-47CC-9BB1-6B7FD1813D54}.Debug|Any CPU.Build.0 = Debug|Any CPU
		{F508C4F6-E9ED-47CC-9BB1-6B7FD1813D54}.Release|Any CPU.ActiveCfg = Release|Any CPU
		{F508C4F6-E9ED-47CC-9BB1-6B7FD1813D54}.Release|Any CPU.Build.0 = Release|Any CPU
		{F9EF138D-B6BC-4DCE-A7D2-D1C39DC165BC}.Debug|Any CPU.ActiveCfg = Debug|Any CPU
		{F9EF138D-B6BC-4DCE-A7D2-D1C39DC165BC}.Debug|Any CPU.Build.0 = Debug|Any CPU
		{F9EF138D-B6BC-4DCE-A7D2-D1C39DC165BC}.Release|Any CPU.ActiveCfg = Release|Any CPU
		{F9EF138D-B6BC-4DCE-A7D2-D1C39DC165BC}.Release|Any CPU.Build.0 = Release|Any CPU
		{E33D07DD-68D3-4D80-AFB8-9BEE3A7AE6E4}.Debug|Any CPU.ActiveCfg = Debug|Any CPU
		{E33D07DD-68D3-4D80-AFB8-9BEE3A7AE6E4}.Debug|Any CPU.Build.0 = Debug|Any CPU
		{E33D07DD-68D3-4D80-AFB8-9BEE3A7AE6E4}.Release|Any CPU.ActiveCfg = Release|Any CPU
		{E33D07DD-68D3-4D80-AFB8-9BEE3A7AE6E4}.Release|Any CPU.Build.0 = Release|Any CPU
	EndGlobalSection
	GlobalSection(SolutionProperties) = preSolution
		HideSolutionNode = FALSE
	EndGlobalSection
	GlobalSection(ExtensibilityGlobals) = postSolution
		SolutionGuid = {A3516DCA-0F84-4D47-AEB3-7412AC084157}
	EndGlobalSection
EndGlobal
